// !$*UTF8*$!
{
	archiveVersion = 1;
	classes = {
	};
	objectVersion = 50;
	objects = {

/* Begin PBXBuildFile section */
		DD469B91247EEBC000CA1FA8 /* ToDoTests.swift in Sources */ = {isa = PBXBuildFile; fileRef = DD469B90247EEBC000CA1FA8 /* ToDoTests.swift */; };
		DD7203C424776919002507EE /* TaskController.swift in Sources */ = {isa = PBXBuildFile; fileRef = DD7203C324776919002507EE /* TaskController.swift */; };
		DD7203C624777297002507EE /* Section.swift in Sources */ = {isa = PBXBuildFile; fileRef = DD7203C524777297002507EE /* Section.swift */; };
		DD7203C82477960A002507EE /* CreateSectionViewController.swift in Sources */ = {isa = PBXBuildFile; fileRef = DD7203C72477960A002507EE /* CreateSectionViewController.swift */; };
		DD7203CC2479AE47002507EE /* TaskAddTableViewCell.swift in Sources */ = {isa = PBXBuildFile; fileRef = DD7203CB2479AE47002507EE /* TaskAddTableViewCell.swift */; };
		DD90D914247612AF00D30D49 /* ThemePickerViewController.swift in Sources */ = {isa = PBXBuildFile; fileRef = DD90D913247612AF00D30D49 /* ThemePickerViewController.swift */; };
		DD90D9162476215900D30D49 /* ColorController.swift in Sources */ = {isa = PBXBuildFile; fileRef = DD90D9152476215900D30D49 /* ColorController.swift */; };
		DDA6C84A246B91A50094FD88 /* AppDelegate.swift in Sources */ = {isa = PBXBuildFile; fileRef = DDA6C849246B91A50094FD88 /* AppDelegate.swift */; };
		DDA6C84C246B91A50094FD88 /* SceneDelegate.swift in Sources */ = {isa = PBXBuildFile; fileRef = DDA6C84B246B91A50094FD88 /* SceneDelegate.swift */; };
		DDA6C851246B91A50094FD88 /* Main.storyboard in Resources */ = {isa = PBXBuildFile; fileRef = DDA6C84F246B91A50094FD88 /* Main.storyboard */; };
		DDA6C853246B91A60094FD88 /* Assets.xcassets in Resources */ = {isa = PBXBuildFile; fileRef = DDA6C852246B91A60094FD88 /* Assets.xcassets */; };
		DDA6C856246B91A60094FD88 /* LaunchScreen.storyboard in Resources */ = {isa = PBXBuildFile; fileRef = DDA6C854246B91A60094FD88 /* LaunchScreen.storyboard */; };
		DDA6C85E246B91C10094FD88 /* CoreDataStack.swift in Sources */ = {isa = PBXBuildFile; fileRef = DDA6C85D246B91C10094FD88 /* CoreDataStack.swift */; };
		DDA6C862246B91D90094FD88 /* TasksToDo.xcdatamodeld in Sources */ = {isa = PBXBuildFile; fileRef = DDA6C860246B91D90094FD88 /* TasksToDo.xcdatamodeld */; };
		DDA6C865246B97AA0094FD88 /* TaskTableViewController.swift in Sources */ = {isa = PBXBuildFile; fileRef = DDA6C864246B97AA0094FD88 /* TaskTableViewController.swift */; };
		DDA6C867246B97F50094FD88 /* TaskDetailViewController.swift in Sources */ = {isa = PBXBuildFile; fileRef = DDA6C866246B97F50094FD88 /* TaskDetailViewController.swift */; };
		DDA6C86A246B98500094FD88 /* TaskTableViewCell.swift in Sources */ = {isa = PBXBuildFile; fileRef = DDA6C869246B98500094FD88 /* TaskTableViewCell.swift */; };
		DDD37CD0246BAEEC00CAC6A7 /* CreateTaskViewController.swift in Sources */ = {isa = PBXBuildFile; fileRef = DDD37CCF246BAEEC00CAC6A7 /* CreateTaskViewController.swift */; };
		DDD37CD2246BB05E00CAC6A7 /* Task+Convenience.swift in Sources */ = {isa = PBXBuildFile; fileRef = DDD37CD1246BB05E00CAC6A7 /* Task+Convenience.swift */; };
/* End PBXBuildFile section */

/* Begin PBXContainerItemProxy section */
		DD469B93247EEBC000CA1FA8 /* PBXContainerItemProxy */ = {
			isa = PBXContainerItemProxy;
			containerPortal = DDA6C83E246B91A50094FD88 /* Project object */;
			proxyType = 1;
			remoteGlobalIDString = DDA6C845246B91A50094FD88;
			remoteInfo = ToDo;
		};
/* End PBXContainerItemProxy section */

/* Begin PBXFileReference section */
		DD469B8E247EEBC000CA1FA8 /* ToDoTests.xctest */ = {isa = PBXFileReference; explicitFileType = wrapper.cfbundle; includeInIndex = 0; path = ToDoTests.xctest; sourceTree = BUILT_PRODUCTS_DIR; };
		DD469B90247EEBC000CA1FA8 /* ToDoTests.swift */ = {isa = PBXFileReference; lastKnownFileType = sourcecode.swift; path = ToDoTests.swift; sourceTree = "<group>"; };
		DD469B92247EEBC000CA1FA8 /* Info.plist */ = {isa = PBXFileReference; lastKnownFileType = text.plist.xml; path = Info.plist; sourceTree = "<group>"; };
		DD7203C324776919002507EE /* TaskController.swift */ = {isa = PBXFileReference; lastKnownFileType = sourcecode.swift; path = TaskController.swift; sourceTree = "<group>"; };
		DD7203C524777297002507EE /* Section.swift */ = {isa = PBXFileReference; lastKnownFileType = sourcecode.swift; path = Section.swift; sourceTree = "<group>"; };
		DD7203C72477960A002507EE /* CreateSectionViewController.swift */ = {isa = PBXFileReference; lastKnownFileType = sourcecode.swift; path = CreateSectionViewController.swift; sourceTree = "<group>"; };
		DD7203CB2479AE47002507EE /* TaskAddTableViewCell.swift */ = {isa = PBXFileReference; lastKnownFileType = sourcecode.swift; path = TaskAddTableViewCell.swift; sourceTree = "<group>"; };
		DD90D913247612AF00D30D49 /* ThemePickerViewController.swift */ = {isa = PBXFileReference; lastKnownFileType = sourcecode.swift; path = ThemePickerViewController.swift; sourceTree = "<group>"; };
		DD90D9152476215900D30D49 /* ColorController.swift */ = {isa = PBXFileReference; lastKnownFileType = sourcecode.swift; path = ColorController.swift; sourceTree = "<group>"; };
		DDA6C846246B91A50094FD88 /* ToDo.app */ = {isa = PBXFileReference; explicitFileType = wrapper.application; includeInIndex = 0; path = ToDo.app; sourceTree = BUILT_PRODUCTS_DIR; };
		DDA6C849246B91A50094FD88 /* AppDelegate.swift */ = {isa = PBXFileReference; lastKnownFileType = sourcecode.swift; name = AppDelegate.swift; path = ViewControllers/AppDelegate.swift; sourceTree = "<group>"; };
		DDA6C84B246B91A50094FD88 /* SceneDelegate.swift */ = {isa = PBXFileReference; lastKnownFileType = sourcecode.swift; path = SceneDelegate.swift; sourceTree = "<group>"; };
		DDA6C850246B91A50094FD88 /* Base */ = {isa = PBXFileReference; lastKnownFileType = file.storyboard; name = Base; path = Base.lproj/Main.storyboard; sourceTree = "<group>"; };
		DDA6C852246B91A60094FD88 /* Assets.xcassets */ = {isa = PBXFileReference; lastKnownFileType = folder.assetcatalog; path = Assets.xcassets; sourceTree = "<group>"; };
		DDA6C855246B91A60094FD88 /* Base */ = {isa = PBXFileReference; lastKnownFileType = file.storyboard; name = Base; path = Base.lproj/LaunchScreen.storyboard; sourceTree = "<group>"; };
		DDA6C857246B91A60094FD88 /* Info.plist */ = {isa = PBXFileReference; lastKnownFileType = text.plist.xml; path = Info.plist; sourceTree = "<group>"; };
		DDA6C85D246B91C10094FD88 /* CoreDataStack.swift */ = {isa = PBXFileReference; lastKnownFileType = sourcecode.swift; path = CoreDataStack.swift; sourceTree = "<group>"; };
		DDA6C861246B91D90094FD88 /* CoreDataModel.xcdatamodel */ = {isa = PBXFileReference; lastKnownFileType = wrapper.xcdatamodel; path = CoreDataModel.xcdatamodel; sourceTree = "<group>"; };
		DDA6C864246B97AA0094FD88 /* TaskTableViewController.swift */ = {isa = PBXFileReference; lastKnownFileType = sourcecode.swift; path = TaskTableViewController.swift; sourceTree = "<group>"; };
		DDA6C866246B97F50094FD88 /* TaskDetailViewController.swift */ = {isa = PBXFileReference; lastKnownFileType = sourcecode.swift; path = TaskDetailViewController.swift; sourceTree = "<group>"; };
		DDA6C869246B98500094FD88 /* TaskTableViewCell.swift */ = {isa = PBXFileReference; lastKnownFileType = sourcecode.swift; path = TaskTableViewCell.swift; sourceTree = "<group>"; };
		DDD37CCF246BAEEC00CAC6A7 /* CreateTaskViewController.swift */ = {isa = PBXFileReference; lastKnownFileType = sourcecode.swift; path = CreateTaskViewController.swift; sourceTree = "<group>"; };
		DDD37CD1246BB05E00CAC6A7 /* Task+Convenience.swift */ = {isa = PBXFileReference; lastKnownFileType = sourcecode.swift; path = "Task+Convenience.swift"; sourceTree = "<group>"; };
/* End PBXFileReference section */

/* Begin PBXFrameworksBuildPhase section */
		DD469B8B247EEBC000CA1FA8 /* Frameworks */ = {
			isa = PBXFrameworksBuildPhase;
			buildActionMask = 2147483647;
			files = (
			);
			runOnlyForDeploymentPostprocessing = 0;
		};
		DDA6C843246B91A50094FD88 /* Frameworks */ = {
			isa = PBXFrameworksBuildPhase;
			buildActionMask = 2147483647;
			files = (
			);
			runOnlyForDeploymentPostprocessing = 0;
		};
/* End PBXFrameworksBuildPhase section */

/* Begin PBXGroup section */
		DD469B8F247EEBC000CA1FA8 /* ToDoTests */ = {
			isa = PBXGroup;
			children = (
				DD469B90247EEBC000CA1FA8 /* ToDoTests.swift */,
				DD469B92247EEBC000CA1FA8 /* Info.plist */,
			);
			path = ToDoTests;
			sourceTree = "<group>";
		};
		DDA6C83D246B91A50094FD88 = {
			isa = PBXGroup;
			children = (
				DDA6C848246B91A50094FD88 /* ToDo */,
				DD469B8F247EEBC000CA1FA8 /* ToDoTests */,
				DDA6C847246B91A50094FD88 /* Products */,
			);
			sourceTree = "<group>";
		};
		DDA6C847246B91A50094FD88 /* Products */ = {
			isa = PBXGroup;
			children = (
				DDA6C846246B91A50094FD88 /* ToDo.app */,
				DD469B8E247EEBC000CA1FA8 /* ToDoTests.xctest */,
			);
			name = Products;
			sourceTree = "<group>";
		};
		DDA6C848246B91A50094FD88 /* ToDo */ = {
			isa = PBXGroup;
			children = (
				DDD37CCC246BA16900CAC6A7 /* Controllers */,
				DDA6C86B246B98A40094FD88 /* Models */,
				DDA6C868246B983D0094FD88 /* Views */,
				DDA6C85F246B91C60094FD88 /* CoreData */,
				DDA6C863246B97880094FD88 /* ViewControllers */,
				DDA6C84B246B91A50094FD88 /* SceneDelegate.swift */,
				DDA6C849246B91A50094FD88 /* AppDelegate.swift */,
				DDA6C84F246B91A50094FD88 /* Main.storyboard */,
				DDA6C852246B91A60094FD88 /* Assets.xcassets */,
				DDA6C854246B91A60094FD88 /* LaunchScreen.storyboard */,
				DDA6C857246B91A60094FD88 /* Info.plist */,
			);
			path = ToDo;
			sourceTree = "<group>";
		};
		DDA6C85F246B91C60094FD88 /* CoreData */ = {
			isa = PBXGroup;
			children = (
				DDA6C85D246B91C10094FD88 /* CoreDataStack.swift */,
				DDA6C860246B91D90094FD88 /* TasksToDo.xcdatamodeld */,
				DDD37CD1246BB05E00CAC6A7 /* Task+Convenience.swift */,
			);
			path = CoreData;
			sourceTree = "<group>";
		};
		DDA6C863246B97880094FD88 /* ViewControllers */ = {
			isa = PBXGroup;
			children = (
				DDA6C864246B97AA0094FD88 /* TaskTableViewController.swift */,
				DDA6C866246B97F50094FD88 /* TaskDetailViewController.swift */,
				DDD37CCF246BAEEC00CAC6A7 /* CreateTaskViewController.swift */,
				DD90D913247612AF00D30D49 /* ThemePickerViewController.swift */,
				DD7203C72477960A002507EE /* CreateSectionViewController.swift */,
			);
			path = ViewControllers;
			sourceTree = "<group>";
		};
		DDA6C868246B983D0094FD88 /* Views */ = {
			isa = PBXGroup;
			children = (
				DDA6C869246B98500094FD88 /* TaskTableViewCell.swift */,
				DD7203CB2479AE47002507EE /* TaskAddTableViewCell.swift */,
			);
			path = Views;
			sourceTree = "<group>";
		};
		DDA6C86B246B98A40094FD88 /* Models */ = {
			isa = PBXGroup;
			children = (
				DD7203C524777297002507EE /* Section.swift */,
			);
			path = Models;
			sourceTree = "<group>";
		};
		DDD37CCC246BA16900CAC6A7 /* Controllers */ = {
			isa = PBXGroup;
			children = (
				DD90D9152476215900D30D49 /* ColorController.swift */,
				DD7203C324776919002507EE /* TaskController.swift */,
			);
			path = Controllers;
			sourceTree = "<group>";
		};
/* End PBXGroup section */

/* Begin PBXNativeTarget section */
		DD469B8D247EEBC000CA1FA8 /* ToDoTests */ = {
			isa = PBXNativeTarget;
			buildConfigurationList = DD469B97247EEBC000CA1FA8 /* Build configuration list for PBXNativeTarget "ToDoTests" */;
			buildPhases = (
				DD469B8A247EEBC000CA1FA8 /* Sources */,
				DD469B8B247EEBC000CA1FA8 /* Frameworks */,
				DD469B8C247EEBC000CA1FA8 /* Resources */,
			);
			buildRules = (
			);
			dependencies = (
				DD469B94247EEBC000CA1FA8 /* PBXTargetDependency */,
			);
			name = ToDoTests;
			productName = ToDoTests;
			productReference = DD469B8E247EEBC000CA1FA8 /* ToDoTests.xctest */;
			productType = "com.apple.product-type.bundle.unit-test";
		};
		DDA6C845246B91A50094FD88 /* ToDo */ = {
			isa = PBXNativeTarget;
			buildConfigurationList = DDA6C85A246B91A60094FD88 /* Build configuration list for PBXNativeTarget "ToDo" */;
			buildPhases = (
				DDA6C842246B91A50094FD88 /* Sources */,
				DDA6C843246B91A50094FD88 /* Frameworks */,
				DDA6C844246B91A50094FD88 /* Resources */,
			);
			buildRules = (
			);
			dependencies = (
			);
			name = ToDo;
			productName = ToDo;
			productReference = DDA6C846246B91A50094FD88 /* ToDo.app */;
			productType = "com.apple.product-type.application";
		};
/* End PBXNativeTarget section */

/* Begin PBXProject section */
		DDA6C83E246B91A50094FD88 /* Project object */ = {
			isa = PBXProject;
			attributes = {
				LastSwiftUpdateCheck = 1150;
				LastUpgradeCheck = 1140;
				ORGANIZATIONNAME = "iOS BW";
				TargetAttributes = {
					DD469B8D247EEBC000CA1FA8 = {
						CreatedOnToolsVersion = 11.5;
						TestTargetID = DDA6C845246B91A50094FD88;
					};
					DDA6C845246B91A50094FD88 = {
						CreatedOnToolsVersion = 11.4.1;
					};
				};
			};
			buildConfigurationList = DDA6C841246B91A50094FD88 /* Build configuration list for PBXProject "ToDo" */;
			compatibilityVersion = "Xcode 9.3";
			developmentRegion = en;
			hasScannedForEncodings = 0;
			knownRegions = (
				en,
				Base,
			);
			mainGroup = DDA6C83D246B91A50094FD88;
			productRefGroup = DDA6C847246B91A50094FD88 /* Products */;
			projectDirPath = "";
			projectRoot = "";
			targets = (
				DDA6C845246B91A50094FD88 /* ToDo */,
				DD469B8D247EEBC000CA1FA8 /* ToDoTests */,
			);
		};
/* End PBXProject section */

/* Begin PBXResourcesBuildPhase section */
		DD469B8C247EEBC000CA1FA8 /* Resources */ = {
			isa = PBXResourcesBuildPhase;
			buildActionMask = 2147483647;
			files = (
			);
			runOnlyForDeploymentPostprocessing = 0;
		};
		DDA6C844246B91A50094FD88 /* Resources */ = {
			isa = PBXResourcesBuildPhase;
			buildActionMask = 2147483647;
			files = (
				DDA6C856246B91A60094FD88 /* LaunchScreen.storyboard in Resources */,
				DDA6C853246B91A60094FD88 /* Assets.xcassets in Resources */,
				DDA6C851246B91A50094FD88 /* Main.storyboard in Resources */,
			);
			runOnlyForDeploymentPostprocessing = 0;
		};
/* End PBXResourcesBuildPhase section */

/* Begin PBXSourcesBuildPhase section */
		DD469B8A247EEBC000CA1FA8 /* Sources */ = {
			isa = PBXSourcesBuildPhase;
			buildActionMask = 2147483647;
			files = (
				DD469B91247EEBC000CA1FA8 /* ToDoTests.swift in Sources */,
			);
			runOnlyForDeploymentPostprocessing = 0;
		};
		DDA6C842246B91A50094FD88 /* Sources */ = {
			isa = PBXSourcesBuildPhase;
			buildActionMask = 2147483647;
			files = (
				DDA6C86A246B98500094FD88 /* TaskTableViewCell.swift in Sources */,
				DD7203C82477960A002507EE /* CreateSectionViewController.swift in Sources */,
				DD90D9162476215900D30D49 /* ColorController.swift in Sources */,
				DDA6C867246B97F50094FD88 /* TaskDetailViewController.swift in Sources */,
				DDA6C865246B97AA0094FD88 /* TaskTableViewController.swift in Sources */,
				DDA6C84A246B91A50094FD88 /* AppDelegate.swift in Sources */,
				DDD37CD2246BB05E00CAC6A7 /* Task+Convenience.swift in Sources */,
				DD7203CC2479AE47002507EE /* TaskAddTableViewCell.swift in Sources */,
				DDA6C84C246B91A50094FD88 /* SceneDelegate.swift in Sources */,
				DD90D914247612AF00D30D49 /* ThemePickerViewController.swift in Sources */,
				DDA6C85E246B91C10094FD88 /* CoreDataStack.swift in Sources */,
				DDA6C862246B91D90094FD88 /* TasksToDo.xcdatamodeld in Sources */,
				DD7203C624777297002507EE /* Section.swift in Sources */,
				DD7203C424776919002507EE /* TaskController.swift in Sources */,
				DDD37CD0246BAEEC00CAC6A7 /* CreateTaskViewController.swift in Sources */,
			);
			runOnlyForDeploymentPostprocessing = 0;
		};
/* End PBXSourcesBuildPhase section */

/* Begin PBXTargetDependency section */
		DD469B94247EEBC000CA1FA8 /* PBXTargetDependency */ = {
			isa = PBXTargetDependency;
			target = DDA6C845246B91A50094FD88 /* ToDo */;
			targetProxy = DD469B93247EEBC000CA1FA8 /* PBXContainerItemProxy */;
		};
/* End PBXTargetDependency section */

/* Begin PBXVariantGroup section */
		DDA6C84F246B91A50094FD88 /* Main.storyboard */ = {
			isa = PBXVariantGroup;
			children = (
				DDA6C850246B91A50094FD88 /* Base */,
			);
			name = Main.storyboard;
			sourceTree = "<group>";
		};
		DDA6C854246B91A60094FD88 /* LaunchScreen.storyboard */ = {
			isa = PBXVariantGroup;
			children = (
				DDA6C855246B91A60094FD88 /* Base */,
			);
			name = LaunchScreen.storyboard;
			sourceTree = "<group>";
		};
/* End PBXVariantGroup section */

/* Begin XCBuildConfiguration section */
		DD469B95247EEBC000CA1FA8 /* Debug */ = {
			isa = XCBuildConfiguration;
			buildSettings = {
				BUNDLE_LOADER = "$(TEST_HOST)";
				CODE_SIGN_STYLE = Automatic;
				DEVELOPMENT_TEAM = LK46YD5GM2;
				INFOPLIST_FILE = ToDoTests/Info.plist;
				IPHONEOS_DEPLOYMENT_TARGET = 13.5;
				LD_RUNPATH_SEARCH_PATHS = (
					"$(inherited)",
					"@executable_path/Frameworks",
					"@loader_path/Frameworks",
				);
				PRODUCT_BUNDLE_IDENTIFIER = BW.ToDoTests;
				PRODUCT_NAME = "$(TARGET_NAME)";
				SWIFT_VERSION = 5.0;
				TARGETED_DEVICE_FAMILY = "1,2";
				TEST_HOST = "$(BUILT_PRODUCTS_DIR)/ToDo.app/ToDo";
			};
			name = Debug;
		};
		DD469B96247EEBC000CA1FA8 /* Release */ = {
			isa = XCBuildConfiguration;
			buildSettings = {
				BUNDLE_LOADER = "$(TEST_HOST)";
				CODE_SIGN_STYLE = Automatic;
				DEVELOPMENT_TEAM = LK46YD5GM2;
				INFOPLIST_FILE = ToDoTests/Info.plist;
				IPHONEOS_DEPLOYMENT_TARGET = 13.5;
				LD_RUNPATH_SEARCH_PATHS = (
					"$(inherited)",
					"@executable_path/Frameworks",
					"@loader_path/Frameworks",
				);
				PRODUCT_BUNDLE_IDENTIFIER = BW.ToDoTests;
				PRODUCT_NAME = "$(TARGET_NAME)";
				SWIFT_VERSION = 5.0;
				TARGETED_DEVICE_FAMILY = "1,2";
				TEST_HOST = "$(BUILT_PRODUCTS_DIR)/ToDo.app/ToDo";
			};
			name = Release;
		};
		DDA6C858246B91A60094FD88 /* Debug */ = {
			isa = XCBuildConfiguration;
			buildSettings = {
				ALWAYS_SEARCH_USER_PATHS = NO;
				CLANG_ANALYZER_NONNULL = YES;
				CLANG_ANALYZER_NUMBER_OBJECT_CONVERSION = YES_AGGRESSIVE;
				CLANG_CXX_LANGUAGE_STANDARD = "gnu++14";
				CLANG_CXX_LIBRARY = "libc++";
				CLANG_ENABLE_MODULES = YES;
				CLANG_ENABLE_OBJC_ARC = YES;
				CLANG_ENABLE_OBJC_WEAK = YES;
				CLANG_WARN_BLOCK_CAPTURE_AUTORELEASING = YES;
				CLANG_WARN_BOOL_CONVERSION = YES;
				CLANG_WARN_COMMA = YES;
				CLANG_WARN_CONSTANT_CONVERSION = YES;
				CLANG_WARN_DEPRECATED_OBJC_IMPLEMENTATIONS = YES;
				CLANG_WARN_DIRECT_OBJC_ISA_USAGE = YES_ERROR;
				CLANG_WARN_DOCUMENTATION_COMMENTS = YES;
				CLANG_WARN_EMPTY_BODY = YES;
				CLANG_WARN_ENUM_CONVERSION = YES;
				CLANG_WARN_INFINITE_RECURSION = YES;
				CLANG_WARN_INT_CONVERSION = YES;
				CLANG_WARN_NON_LITERAL_NULL_CONVERSION = YES;
				CLANG_WARN_OBJC_IMPLICIT_RETAIN_SELF = YES;
				CLANG_WARN_OBJC_LITERAL_CONVERSION = YES;
				CLANG_WARN_OBJC_ROOT_CLASS = YES_ERROR;
				CLANG_WARN_RANGE_LOOP_ANALYSIS = YES;
				CLANG_WARN_STRICT_PROTOTYPES = YES;
				CLANG_WARN_SUSPICIOUS_MOVE = YES;
				CLANG_WARN_UNGUARDED_AVAILABILITY = YES_AGGRESSIVE;
				CLANG_WARN_UNREACHABLE_CODE = YES;
				CLANG_WARN__DUPLICATE_METHOD_MATCH = YES;
				COPY_PHASE_STRIP = NO;
				DEBUG_INFORMATION_FORMAT = dwarf;
				ENABLE_STRICT_OBJC_MSGSEND = YES;
				ENABLE_TESTABILITY = YES;
				GCC_C_LANGUAGE_STANDARD = gnu11;
				GCC_DYNAMIC_NO_PIC = NO;
				GCC_NO_COMMON_BLOCKS = YES;
				GCC_OPTIMIZATION_LEVEL = 0;
				GCC_PREPROCESSOR_DEFINITIONS = (
					"DEBUG=1",
					"$(inherited)",
				);
				GCC_WARN_64_TO_32_BIT_CONVERSION = YES;
				GCC_WARN_ABOUT_RETURN_TYPE = YES_ERROR;
				GCC_WARN_UNDECLARED_SELECTOR = YES;
				GCC_WARN_UNINITIALIZED_AUTOS = YES_AGGRESSIVE;
				GCC_WARN_UNUSED_FUNCTION = YES;
				GCC_WARN_UNUSED_VARIABLE = YES;
				IPHONEOS_DEPLOYMENT_TARGET = 13.4;
				MTL_ENABLE_DEBUG_INFO = INCLUDE_SOURCE;
				MTL_FAST_MATH = YES;
				ONLY_ACTIVE_ARCH = YES;
				SDKROOT = iphoneos;
				SWIFT_ACTIVE_COMPILATION_CONDITIONS = DEBUG;
				SWIFT_OPTIMIZATION_LEVEL = "-Onone";
			};
			name = Debug;
		};
		DDA6C859246B91A60094FD88 /* Release */ = {
			isa = XCBuildConfiguration;
			buildSettings = {
				ALWAYS_SEARCH_USER_PATHS = NO;
				CLANG_ANALYZER_NONNULL = YES;
				CLANG_ANALYZER_NUMBER_OBJECT_CONVERSION = YES_AGGRESSIVE;
				CLANG_CXX_LANGUAGE_STANDARD = "gnu++14";
				CLANG_CXX_LIBRARY = "libc++";
				CLANG_ENABLE_MODULES = YES;
				CLANG_ENABLE_OBJC_ARC = YES;
				CLANG_ENABLE_OBJC_WEAK = YES;
				CLANG_WARN_BLOCK_CAPTURE_AUTORELEASING = YES;
				CLANG_WARN_BOOL_CONVERSION = YES;
				CLANG_WARN_COMMA = YES;
				CLANG_WARN_CONSTANT_CONVERSION = YES;
				CLANG_WARN_DEPRECATED_OBJC_IMPLEMENTATIONS = YES;
				CLANG_WARN_DIRECT_OBJC_ISA_USAGE = YES_ERROR;
				CLANG_WARN_DOCUMENTATION_COMMENTS = YES;
				CLANG_WARN_EMPTY_BODY = YES;
				CLANG_WARN_ENUM_CONVERSION = YES;
				CLANG_WARN_INFINITE_RECURSION = YES;
				CLANG_WARN_INT_CONVERSION = YES;
				CLANG_WARN_NON_LITERAL_NULL_CONVERSION = YES;
				CLANG_WARN_OBJC_IMPLICIT_RETAIN_SELF = YES;
				CLANG_WARN_OBJC_LITERAL_CONVERSION = YES;
				CLANG_WARN_OBJC_ROOT_CLASS = YES_ERROR;
				CLANG_WARN_RANGE_LOOP_ANALYSIS = YES;
				CLANG_WARN_STRICT_PROTOTYPES = YES;
				CLANG_WARN_SUSPICIOUS_MOVE = YES;
				CLANG_WARN_UNGUARDED_AVAILABILITY = YES_AGGRESSIVE;
				CLANG_WARN_UNREACHABLE_CODE = YES;
				CLANG_WARN__DUPLICATE_METHOD_MATCH = YES;
				COPY_PHASE_STRIP = NO;
				DEBUG_INFORMATION_FORMAT = "dwarf-with-dsym";
				ENABLE_NS_ASSERTIONS = NO;
				ENABLE_STRICT_OBJC_MSGSEND = YES;
				GCC_C_LANGUAGE_STANDARD = gnu11;
				GCC_NO_COMMON_BLOCKS = YES;
				GCC_WARN_64_TO_32_BIT_CONVERSION = YES;
				GCC_WARN_ABOUT_RETURN_TYPE = YES_ERROR;
				GCC_WARN_UNDECLARED_SELECTOR = YES;
				GCC_WARN_UNINITIALIZED_AUTOS = YES_AGGRESSIVE;
				GCC_WARN_UNUSED_FUNCTION = YES;
				GCC_WARN_UNUSED_VARIABLE = YES;
				IPHONEOS_DEPLOYMENT_TARGET = 13.4;
				MTL_ENABLE_DEBUG_INFO = NO;
				MTL_FAST_MATH = YES;
				SDKROOT = iphoneos;
				SWIFT_COMPILATION_MODE = wholemodule;
				SWIFT_OPTIMIZATION_LEVEL = "-O";
				VALIDATE_PRODUCT = YES;
			};
			name = Release;
		};
		DDA6C85B246B91A60094FD88 /* Debug */ = {
			isa = XCBuildConfiguration;
			buildSettings = {
				ASSETCATALOG_COMPILER_APPICON_NAME = AppIcon;
				CODE_SIGN_STYLE = Automatic;
				DEVELOPMENT_TEAM = LK46YD5GM2;
				INFOPLIST_FILE = ToDo/Info.plist;
				IPHONEOS_DEPLOYMENT_TARGET = 13.4;
				LD_RUNPATH_SEARCH_PATHS = (
					"$(inherited)",
					"@executable_path/Frameworks",
				);
				PRODUCT_BUNDLE_IDENTIFIER = BW.ToDo;
				PRODUCT_NAME = "$(TARGET_NAME)";
				SWIFT_VERSION = 5.0;
				TARGETED_DEVICE_FAMILY = "1,2";
			};
			name = Debug;
		};
		DDA6C85C246B91A60094FD88 /* Release */ = {
			isa = XCBuildConfiguration;
			buildSettings = {
				ASSETCATALOG_COMPILER_APPICON_NAME = AppIcon;
				CODE_SIGN_STYLE = Automatic;
				DEVELOPMENT_TEAM = LK46YD5GM2;
				INFOPLIST_FILE = ToDo/Info.plist;
				IPHONEOS_DEPLOYMENT_TARGET = 13.4;
				LD_RUNPATH_SEARCH_PATHS = (
					"$(inherited)",
					"@executable_path/Frameworks",
				);
				PRODUCT_BUNDLE_IDENTIFIER = BW.ToDo;
				PRODUCT_NAME = "$(TARGET_NAME)";
				SWIFT_VERSION = 5.0;
				TARGETED_DEVICE_FAMILY = "1,2";
			};
			name = Release;
		};
/* End XCBuildConfiguration section */

/* Begin XCConfigurationList section */
		DD469B97247EEBC000CA1FA8 /* Build configuration list for PBXNativeTarget "ToDoTests" */ = {
			isa = XCConfigurationList;
			buildConfigurations = (
				DD469B95247EEBC000CA1FA8 /* Debug */,
				DD469B96247EEBC000CA1FA8 /* Release */,
			);
			defaultConfigurationIsVisible = 0;
			defaultConfigurationName = Release;
		};
		DDA6C841246B91A50094FD88 /* Build configuration list for PBXProject "ToDo" */ = {
			isa = XCConfigurationList;
			buildConfigurations = (
				DDA6C858246B91A60094FD88 /* Debug */,
				DDA6C859246B91A60094FD88 /* Release */,
			);
			defaultConfigurationIsVisible = 0;
			defaultConfigurationName = Release;
		};
		DDA6C85A246B91A60094FD88 /* Build configuration list for PBXNativeTarget "ToDo" */ = {
			isa = XCConfigurationList;
			buildConfigurations = (
				DDA6C85B246B91A60094FD88 /* Debug */,
				DDA6C85C246B91A60094FD88 /* Release */,
			);
			defaultConfigurationIsVisible = 0;
			defaultConfigurationName = Release;
		};
/* End XCConfigurationList section */

/* Begin XCVersionGroup section */
		DDA6C860246B91D90094FD88 /* TasksToDo.xcdatamodeld */ = {
			isa = XCVersionGroup;
			children = (
				DDA6C861246B91D90094FD88 /* CoreDataModel.xcdatamodel */,
			);
			currentVersion = DDA6C861246B91D90094FD88 /* CoreDataModel.xcdatamodel */;
			path = TasksToDo.xcdatamodeld;
			sourceTree = "<group>";
			versionGroupType = wrapper.xcdatamodel;
		};
/* End XCVersionGroup section */
	};
	rootObject = DDA6C83E246B91A50094FD88 /* Project object */;
}
